
Microsoft Visual Studio Solution File, Format Version 12.00
# Visual Studio 2013
VisualStudioVersion = 12.0.40629.0
MinimumVisualStudioVersion = 10.0.40219.1
Project("{FAE04EC0-301F-11D3-BF4B-00C04F79EFBC}") = "UEWP", "UEWP\UEWP.csproj", "{6693C6AC-792C-414F-AD65-88AE94ABAD5C}"
EndProject
Project("{FAE04EC0-301F-11D3-BF4B-00C04F79EFBC}") = "UEWP.Common", "UEWP.Common\UEWP.Common.csproj", "{0C1C16AC-3466-48DF-959B-2CBA361E793F}"
EndProject
Project("{FAE04EC0-301F-11D3-BF4B-00C04F79EFBC}") = "UEWP.Services", "UEWP.Services\UEWP.Services.csproj", "{2693CDBC-AC2E-40FF-8BE6-E09E9F3C2637}"
EndProject
Project("{FAE04EC0-301F-11D3-BF4B-00C04F79EFBC}") = "UEWP.Models", "UEWP.Models\UEWP.Models.csproj", "{445BF8DA-6C89-43D7-9A62-7EDA36532E11}"
EndProject
Project("{FAE04EC0-301F-11D3-BF4B-00C04F79EFBC}") = "UEWP.Data", "UEWP.Data\UEWP.Data.csproj", "{F1117F04-2743-4745-8FC0-B7DCF7D83542}"
EndProject
Project("{2150E333-8FDC-42A3-9474-1A3956D46DE8}") = "SQL Scripts", "SQL Scripts", "{E0AF0485-6018-4345-A33F-6C10A457A1FB}"
EndProject
Project("{2150E333-8FDC-42A3-9474-1A3956D46DE8}") = "SP", "SP", "{78D8C34E-1D55-4C7A-A0FF-40A97652B1D8}"
EndProject
Project("{2150E333-8FDC-42A3-9474-1A3956D46DE8}") = "CRUD", "CRUD", "{835DB8F0-370E-40C5-9CA3-E3C5D3365276}"
	ProjectSection(SolutionItems) = preProject
		T_BUSINESS.sql = T_BUSINESS.sql
		T_COMPANY.sql = T_COMPANY.sql
		T_ROLES.sql = T_ROLES.sql
		T_TEMPLATE.sql = T_TEMPLATE.sql
		T_TEMPLATECONTENT.sql = T_TEMPLATECONTENT.sql
		T_USER.sql = T_USER.sql
		T_USER_ROLE.sql = T_USER_ROLE.sql
		UEWP.sql = UEWP.sql
	EndProjectSection
EndProject
Global
	GlobalSection(SolutionConfigurationPlatforms) = preSolution
		Debug|Any CPU = Debug|Any CPU
		Release|Any CPU = Release|Any CPU
	EndGlobalSection
	GlobalSection(ProjectConfigurationPlatforms) = postSolution
		{6693C6AC-792C-414F-AD65-88AE94ABAD5C}.Debug|Any CPU.ActiveCfg = Debug|Any CPU
		{6693C6AC-792C-414F-AD65-88AE94ABAD5C}.Debug|Any CPU.Build.0 = Debug|Any CPU
		{6693C6AC-792C-414F-AD65-88AE94ABAD5C}.Release|Any CPU.ActiveCfg = Release|Any CPU
		{6693C6AC-792C-414F-AD65-88AE94ABAD5C}.Release|Any CPU.Build.0 = Release|Any CPU
		{0C1C16AC-3466-48DF-959B-2CBA361E793F}.Debug|Any CPU.ActiveCfg = Debug|Any CPU
		{0C1C16AC-3466-48DF-959B-2CBA361E793F}.Debug|Any CPU.Build.0 = Debug|Any CPU
		{0C1C16AC-3466-48DF-959B-2CBA361E793F}.Release|Any CPU.ActiveCfg = Release|Any CPU
		{0C1C16AC-3466-48DF-959B-2CBA361E793F}.Release|Any CPU.Build.0 = Release|Any CPU
		{2693CDBC-AC2E-40FF-8BE6-E09E9F3C2637}.Debug|Any CPU.ActiveCfg = Debug|Any CPU
		{2693CDBC-AC2E-40FF-8BE6-E09E9F3C2637}.Debug|Any CPU.Build.0 = Debug|Any CPU
		{2693CDBC-AC2E-40FF-8BE6-E09E9F3C2637}.Release|Any CPU.ActiveCfg = Release|Any CPU
		{2693CDBC-AC2E-40FF-8BE6-E09E9F3C2637}.Release|Any CPU.Build.0 = Release|Any CPU
		{445BF8DA-6C89-43D7-9A62-7EDA36532E11}.Debug|Any CPU.ActiveCfg = Debug|Any CPU
		{445BF8DA-6C89-43D7-9A62-7EDA36532E11}.Debug|Any CPU.Build.0 = Debug|Any CPU
		{445BF8DA-6C89-43D7-9A62-7EDA36532E11}.Release|Any CPU.ActiveCfg = Release|Any CPU
		{445BF8DA-6C89-43D7-9A62-7EDA36532E11}.Release|Any CPU.Build.0 = Release|Any CPU
		{F1117F04-2743-4745-8FC0-B7DCF7D83542}.Debug|Any CPU.ActiveCfg = Debug|Any CPU
		{F1117F04-2743-4745-8FC0-B7DCF7D83542}.Debug|Any CPU.Build.0 = Debug|Any CPU
		{F1117F04-2743-4745-8FC0-B7DCF7D83542}.Release|Any CPU.ActiveCfg = Release|Any CPU
		{F1117F04-2743-4745-8FC0-B7DCF7D83542}.Release|Any CPU.Build.0 = Release|Any CPU
	EndGlobalSection
	GlobalSection(SolutionProperties) = preSolution
		HideSolutionNode = FALSE
	EndGlobalSection
	GlobalSection(NestedProjects) = preSolution
		{78D8C34E-1D55-4C7A-A0FF-40A97652B1D8} = {E0AF0485-6018-4345-A33F-6C10A457A1FB}
		{835DB8F0-370E-40C5-9CA3-E3C5D3365276} = {E0AF0485-6018-4345-A33F-6C10A457A1FB}
	EndGlobalSection
EndGlobal
